{
  "name": "graphql-apollo-hapi-server",
  "version": "0.0.1",
  "lockfileVersion": 1,
  "requires": true,
  "dependencies": {
    "apollo-cache-control": {
      "version": "0.0.10",
      "resolved": "https://registry.npmjs.org/apollo-cache-control/-/apollo-cache-control-0.0.10.tgz",
      "integrity": "sha512-M5a41rd+tWyvTTgM6HCXFEsheRuQ8zP2gj4SAm1oszDRncb8wD+39Ra0eMpOeXdZAAXmZe53sRuji5Qp9H7WeQ==",
      "requires": {
        "graphql-extensions": "0.0.9"
      }
    },
    "apollo-server-core": {
      "version": "1.3.3",
      "resolved": "https://registry.npmjs.org/apollo-server-core/-/apollo-server-core-1.3.3.tgz",
      "integrity": "sha1-C63J+VBoWC1DRlkhH6e66Bxaa0U=",
      "requires": {
        "apollo-cache-control": "0.0.10",
        "apollo-tracing": "0.1.4",
        "graphql-extensions": "0.0.9"
      }
    },
    "apollo-server-hapi": {
      "version": "1.3.3",
      "resolved": "https://registry.npmjs.org/apollo-server-hapi/-/apollo-server-hapi-1.3.3.tgz",
      "integrity": "sha1-TCCXzdo8Bv6204ivJs+2cDuM5As=",
      "requires": {
        "apollo-server-core": "1.3.3",
        "apollo-server-module-graphiql": "1.3.3",
        "boom": "7.2.0"
      }
    },
    "apollo-server-module-graphiql": {
      "version": "1.3.3",
      "resolved": "https://registry.npmjs.org/apollo-server-module-graphiql/-/apollo-server-module-graphiql-1.3.3.tgz",
      "integrity": "sha1-W0EZIhd817elaWVeJshMwPC5jic="
    },
    "apollo-tracing": {
      "version": "0.1.4",
      "resolved": "https://registry.npmjs.org/apollo-tracing/-/apollo-tracing-0.1.4.tgz",
      "integrity": "sha512-Uv+1nh5AsNmC3m130i2u3IqbS+nrxyVV3KYimH5QKsdPjxxIQB3JAT+jJmpeDxBel8gDVstNmCh82QSLxLSIdQ==",
      "requires": {
        "graphql-extensions": "0.0.9"
      }
    },
    "boom": {
      "version": "7.2.0",
      "resolved": "https://registry.npmjs.org/boom/-/boom-7.2.0.tgz",
      "integrity": "sha1-K/8kpVVldn/ehp7ICDF+sQxI6WY=",
      "requires": {
        "hoek": "5.0.3"
      }
    },
    "core-js": {
      "version": "2.5.4",
      "resolved": "https://registry.npmjs.org/core-js/-/core-js-2.5.4.tgz",
      "integrity": "sha1-8si/GB8qgLkvNgEhQpzmOi8K6uA="
    },
    "graphql-extensions": {
      "version": "0.0.9",
      "resolved": "https://registry.npmjs.org/graphql-extensions/-/graphql-extensions-0.0.9.tgz",
      "integrity": "sha512-OS4moG5ybTGlbMBljm6iFpcwbHCqmn7DOzaSjUxHzgI5C7X/sQ70m7b2GzLqeX2jxJMRpaQXzKRu/HX1UCJYJA==",
      "requires": {
        "core-js": "2.5.4",
        "source-map-support": "0.5.4"
      }
    },
    "hoek": {
      "version": "5.0.3",
      "resolved": "https://registry.npmjs.org/hoek/-/hoek-5.0.3.tgz",
      "integrity": "sha512-Bmr56pxML1c9kU+NS51SMFkiVQAb+9uFfXwyqR2tn4w2FPvmPt65eZ9aCcEfRXd9G74HkZnILC6p967pED4aiw=="
    },
    "source-map": {
      "version": "0.6.1",
      "resolved": "https://registry.npmjs.org/source-map/-/source-map-0.6.1.tgz",
      "integrity": "sha512-UjgapumWlbMhkBgzT7Ykc5YXUT46F0iKu8SGXq0bcwP5dz/h0Plj6enJqjz1Zbq2l5WaqYnrVbwWOWMyF3F47g=="
    },
    "source-map-support": {
      "version": "0.5.4",
      "resolved": "https://registry.npmjs.org/source-map-support/-/source-map-support-0.5.4.tgz",
      "integrity": "sha512-PETSPG6BjY1AHs2t64vS2aqAgu6dMIMXJULWFBGbh2Gr8nVLbCFDo6i/RMMvviIQ2h1Z8+5gQhVKSn2je9nmdg==",
      "requires": {
        "source-map": "0.6.1"
      }
    }
  }
}
